
Microsoft Visual Studio Solution File, Format Version 12.00
# Visual Studio Version 17
VisualStudioVersion = 17.7.34221.43
MinimumVisualStudioVersion = 10.0.40219.1
Project("{FAE04EC0-301F-11D3-BF4B-00C04F79EFBC}") = "WindowsFormsApp1", "WindowsFormsApp1.csproj", "{46DB6003-1680-4F76-80DC-AB01B2597FD9}"
EndProject
Global
	GlobalSection(SolutionConfigurationPlatforms) = preSolution
		Debug|Any CPU = Debug|Any CPU
		Release|Any CPU = Release|Any CPU
	EndGlobalSection
	GlobalSection(ProjectConfigurationPlatforms) = postSolution
		{46DB6003-1680-4F76-80DC-AB01B2597FD9}.Debug|Any CPU.ActiveCfg = Debug|Any CPU
		{46DB6003-1680-4F76-80DC-AB01B2597FD9}.Debug|Any CPU.Build.0 = Debug|Any CPU
		{46DB6003-1680-4F76-80DC-AB01B2597FD9}.Release|Any CPU.ActiveCfg = Release|Any CPU
		{46DB6003-1680-4F76-80DC-AB01B2597FD9}.Release|Any CPU.Build.0 = Release|Any CPU
	EndGlobalSection
	GlobalSection(SolutionProperties) = preSolution
		HideSolutionNode = FALSE
	EndGlobalSection
	GlobalSection(ExtensibilityGlobals) = postSolution
		SolutionGuid = {2729136F-C8FE-46CF-9594-D42C6D97A34B}
	EndGlobalSection
EndGlobal
